// !$*UTF8*$!
{
	archiveVersion = 1;
	classes = {
	};
	objectVersion = 50;
	objects = {

/* Begin PBXBuildFile section */
		191A02ED2555866A00BEDF86 /* HomeViewModel.swift in Sources */ = {isa = PBXBuildFile; fileRef = 191A02EC2555866A00BEDF86 /* HomeViewModel.swift */; };
		191A02F42555896000BEDF86 /* UIView+ext.swift in Sources */ = {isa = PBXBuildFile; fileRef = 191A02F32555896000BEDF86 /* UIView+ext.swift */; };
		191A02FA25558A9900BEDF86 /* CharacterCell.swift in Sources */ = {isa = PBXBuildFile; fileRef = 191A02F925558A9900BEDF86 /* CharacterCell.swift */; };
		191A030225558EDC00BEDF86 /* CharacterModel.swift in Sources */ = {isa = PBXBuildFile; fileRef = 191A030125558EDC00BEDF86 /* CharacterModel.swift */; };
		191A030725558FBF00BEDF86 /* ImageView+ext.swift in Sources */ = {isa = PBXBuildFile; fileRef = 191A030625558FBF00BEDF86 /* ImageView+ext.swift */; };
		191A030C2555B73F00BEDF86 /* UIStackView+ext.swift in Sources */ = {isa = PBXBuildFile; fileRef = 191A030B2555B73F00BEDF86 /* UIStackView+ext.swift */; };
		191A03152555E56000BEDF86 /* FavoriteViewController.swift in Sources */ = {isa = PBXBuildFile; fileRef = 191A03142555E56000BEDF86 /* FavoriteViewController.swift */; };
		191A031A2555E59500BEDF86 /* FavoriteViewModel.swift in Sources */ = {isa = PBXBuildFile; fileRef = 191A03192555E59500BEDF86 /* FavoriteViewModel.swift */; };
		191A031F2555F4BD00BEDF86 /* ImageCache.swift in Sources */ = {isa = PBXBuildFile; fileRef = 191A031E2555F4BD00BEDF86 /* ImageCache.swift */; };
		191A03252555FA7600BEDF86 /* DetailViewController.swift in Sources */ = {isa = PBXBuildFile; fileRef = 191A03242555FA7600BEDF86 /* DetailViewController.swift */; };
		191A032A2555FA7F00BEDF86 /* DetailViewModel.swift in Sources */ = {isa = PBXBuildFile; fileRef = 191A03292555FA7F00BEDF86 /* DetailViewModel.swift */; };
		191A038725563E8C00BEDF86 /* CharacterLocationEntity+CoreDataProperties.swift in Sources */ = {isa = PBXBuildFile; fileRef = 191A038125563E8C00BEDF86 /* CharacterLocationEntity+CoreDataProperties.swift */; };
		191A038825563E8C00BEDF86 /* CharacterEntity+CoreDataProperties.swift in Sources */ = {isa = PBXBuildFile; fileRef = 191A038225563E8C00BEDF86 /* CharacterEntity+CoreDataProperties.swift */; };
		191A038925563E8C00BEDF86 /* CharacterEntity+CoreDataClass.swift in Sources */ = {isa = PBXBuildFile; fileRef = 191A038325563E8C00BEDF86 /* CharacterEntity+CoreDataClass.swift */; };
		191A038A25563E8C00BEDF86 /* CharacterLocationEntity+CoreDataClass.swift in Sources */ = {isa = PBXBuildFile; fileRef = 191A038425563E8C00BEDF86 /* CharacterLocationEntity+CoreDataClass.swift */; };
		191A038B25563E8C00BEDF86 /* CharacterOriginEntity+CoreDataProperties.swift in Sources */ = {isa = PBXBuildFile; fileRef = 191A038525563E8C00BEDF86 /* CharacterOriginEntity+CoreDataProperties.swift */; };
		191A038C25563E8C00BEDF86 /* CharacterOriginEntity+CoreDataClass.swift in Sources */ = {isa = PBXBuildFile; fileRef = 191A038625563E8C00BEDF86 /* CharacterOriginEntity+CoreDataClass.swift */; };
		191A039625563F4E00BEDF86 /* Dictionary_RickAndMorty.xcdatamodeld in Resources */ = {isa = PBXBuildFile; fileRef = 192D126625548450002974D9 /* Dictionary_RickAndMorty.xcdatamodeld */; };
		192D125E25548450002974D9 /* AppDelegate.swift in Sources */ = {isa = PBXBuildFile; fileRef = 192D125D25548450002974D9 /* AppDelegate.swift */; };
		192D126025548450002974D9 /* SceneDelegate.swift in Sources */ = {isa = PBXBuildFile; fileRef = 192D125F25548450002974D9 /* SceneDelegate.swift */; };
		192D126A25548454002974D9 /* Assets.xcassets in Resources */ = {isa = PBXBuildFile; fileRef = 192D126925548454002974D9 /* Assets.xcassets */; };
		192D126D25548454002974D9 /* LaunchScreen.storyboard in Resources */ = {isa = PBXBuildFile; fileRef = 192D126B25548454002974D9 /* LaunchScreen.storyboard */; };
		192D128325548454002974D9 /* Dictionary_RickAndMortyUITests.swift in Sources */ = {isa = PBXBuildFile; fileRef = 192D128225548454002974D9 /* Dictionary_RickAndMortyUITests.swift */; };
		192D129C25549C70002974D9 /* HomeViewController.swift in Sources */ = {isa = PBXBuildFile; fileRef = 192D129B25549C70002974D9 /* HomeViewController.swift */; };
		192D12A825549D0F002974D9 /* ConfigApp.swift in Sources */ = {isa = PBXBuildFile; fileRef = 192D12A725549D0F002974D9 /* ConfigApp.swift */; };
		192D12AE25549F11002974D9 /* NetworkManager.swift in Sources */ = {isa = PBXBuildFile; fileRef = 192D12AD25549F11002974D9 /* NetworkManager.swift */; };
		192D12B42554A128002974D9 /* ResultsModel.swift in Sources */ = {isa = PBXBuildFile; fileRef = 192D12B32554A128002974D9 /* ResultsModel.swift */; };
		192D12B92554A15B002974D9 /* InfoModel.swift in Sources */ = {isa = PBXBuildFile; fileRef = 192D12B82554A15B002974D9 /* InfoModel.swift */; };
		192D12BE2554A450002974D9 /* NetworkError.swift in Sources */ = {isa = PBXBuildFile; fileRef = 192D12BD2554A450002974D9 /* NetworkError.swift */; };
		192D12C32554AC29002974D9 /* NetworkFilter.swift in Sources */ = {isa = PBXBuildFile; fileRef = 192D12C22554AC29002974D9 /* NetworkFilter.swift */; };
		192D12C82554AC87002974D9 /* EpisodeModel.swift in Sources */ = {isa = PBXBuildFile; fileRef = 192D12C72554AC87002974D9 /* EpisodeModel.swift */; };
		192D12CE2554B2E0002974D9 /* Encodable+ext.swift in Sources */ = {isa = PBXBuildFile; fileRef = 192D12CD2554B2E0002974D9 /* Encodable+ext.swift */; };
		1981A48E2558F51D0029137F /* NSAttributedString+ext.swift in Sources */ = {isa = PBXBuildFile; fileRef = 1981A48D2558F51D0029137F /* NSAttributedString+ext.swift */; };
		19CFC8E725598B2B00303CD5 /* AppDelegate+ext.swift in Sources */ = {isa = PBXBuildFile; fileRef = 19CFC8E625598B2B00303CD5 /* AppDelegate+ext.swift */; };
		19CFC8EF25598B5600303CD5 /* LocalStorage.swift in Sources */ = {isa = PBXBuildFile; fileRef = 19CFC8EE25598B5600303CD5 /* LocalStorage.swift */; };
		19CFC9052559A18E00303CD5 /* Repository.swift in Sources */ = {isa = PBXBuildFile; fileRef = 19CFC9042559A18E00303CD5 /* Repository.swift */; };
		19CFC90A2559C60E00303CD5 /* MockNetworkService.swift in Sources */ = {isa = PBXBuildFile; fileRef = 19CFC9092559C60E00303CD5 /* MockNetworkService.swift */; };
		19CFC90F2559CFD600303CD5 /* HomeViewModelTests.swift in Sources */ = {isa = PBXBuildFile; fileRef = 19CFC90E2559CFD600303CD5 /* HomeViewModelTests.swift */; };
		19CFC9242559E5D200303CD5 /* DetailViewModelTests.swift in Sources */ = {isa = PBXBuildFile; fileRef = 19CFC9232559E5D200303CD5 /* DetailViewModelTests.swift */; };
		19CFC9292559E68500303CD5 /* MockLocalStorage.swift in Sources */ = {isa = PBXBuildFile; fileRef = 19CFC9282559E68500303CD5 /* MockLocalStorage.swift */; };
/* End PBXBuildFile section */

/* Begin PBXContainerItemProxy section */
		192D127425548454002974D9 /* PBXContainerItemProxy */ = {
			isa = PBXContainerItemProxy;
			containerPortal = 192D125225548450002974D9 /* Project object */;
			proxyType = 1;
			remoteGlobalIDString = 192D125925548450002974D9;
			remoteInfo = Dictionary_RickAndMorty;
		};
		192D127F25548454002974D9 /* PBXContainerItemProxy */ = {
			isa = PBXContainerItemProxy;
			containerPortal = 192D125225548450002974D9 /* Project object */;
			proxyType = 1;
			remoteGlobalIDString = 192D125925548450002974D9;
			remoteInfo = Dictionary_RickAndMorty;
		};
/* End PBXContainerItemProxy section */

/* Begin PBXFileReference section */
		191A02EC2555866A00BEDF86 /* HomeViewModel.swift */ = {isa = PBXFileReference; lastKnownFileType = sourcecode.swift; path = HomeViewModel.swift; sourceTree = "<group>"; };
		191A02F32555896000BEDF86 /* UIView+ext.swift */ = {isa = PBXFileReference; lastKnownFileType = sourcecode.swift; path = "UIView+ext.swift"; sourceTree = "<group>"; };
		191A02F925558A9900BEDF86 /* CharacterCell.swift */ = {isa = PBXFileReference; lastKnownFileType = sourcecode.swift; path = CharacterCell.swift; sourceTree = "<group>"; };
		191A030125558EDC00BEDF86 /* CharacterModel.swift */ = {isa = PBXFileReference; lastKnownFileType = sourcecode.swift; path = CharacterModel.swift; sourceTree = "<group>"; };
		191A030625558FBF00BEDF86 /* ImageView+ext.swift */ = {isa = PBXFileReference; lastKnownFileType = sourcecode.swift; path = "ImageView+ext.swift"; sourceTree = "<group>"; };
		191A030B2555B73F00BEDF86 /* UIStackView+ext.swift */ = {isa = PBXFileReference; lastKnownFileType = sourcecode.swift; path = "UIStackView+ext.swift"; sourceTree = "<group>"; };
		191A03142555E56000BEDF86 /* FavoriteViewController.swift */ = {isa = PBXFileReference; lastKnownFileType = sourcecode.swift; path = FavoriteViewController.swift; sourceTree = "<group>"; };
		191A03192555E59500BEDF86 /* FavoriteViewModel.swift */ = {isa = PBXFileReference; lastKnownFileType = sourcecode.swift; path = FavoriteViewModel.swift; sourceTree = "<group>"; };
		191A031E2555F4BD00BEDF86 /* ImageCache.swift */ = {isa = PBXFileReference; lastKnownFileType = sourcecode.swift; path = ImageCache.swift; sourceTree = "<group>"; };
		191A03242555FA7600BEDF86 /* DetailViewController.swift */ = {isa = PBXFileReference; lastKnownFileType = sourcecode.swift; path = DetailViewController.swift; sourceTree = "<group>"; };
		191A03292555FA7F00BEDF86 /* DetailViewModel.swift */ = {isa = PBXFileReference; lastKnownFileType = sourcecode.swift; path = DetailViewModel.swift; sourceTree = "<group>"; };
		191A038125563E8C00BEDF86 /* CharacterLocationEntity+CoreDataProperties.swift */ = {isa = PBXFileReference; fileEncoding = 4; lastKnownFileType = sourcecode.swift; path = "CharacterLocationEntity+CoreDataProperties.swift"; sourceTree = "<group>"; };
		191A038225563E8C00BEDF86 /* CharacterEntity+CoreDataProperties.swift */ = {isa = PBXFileReference; fileEncoding = 4; lastKnownFileType = sourcecode.swift; path = "CharacterEntity+CoreDataProperties.swift"; sourceTree = "<group>"; };
		191A038325563E8C00BEDF86 /* CharacterEntity+CoreDataClass.swift */ = {isa = PBXFileReference; fileEncoding = 4; lastKnownFileType = sourcecode.swift; path = "CharacterEntity+CoreDataClass.swift"; sourceTree = "<group>"; };
		191A038425563E8C00BEDF86 /* CharacterLocationEntity+CoreDataClass.swift */ = {isa = PBXFileReference; fileEncoding = 4; lastKnownFileType = sourcecode.swift; path = "CharacterLocationEntity+CoreDataClass.swift"; sourceTree = "<group>"; };
		191A038525563E8C00BEDF86 /* CharacterOriginEntity+CoreDataProperties.swift */ = {isa = PBXFileReference; fileEncoding = 4; lastKnownFileType = sourcecode.swift; path = "CharacterOriginEntity+CoreDataProperties.swift"; sourceTree = "<group>"; };
		191A038625563E8C00BEDF86 /* CharacterOriginEntity+CoreDataClass.swift */ = {isa = PBXFileReference; fileEncoding = 4; lastKnownFileType = sourcecode.swift; path = "CharacterOriginEntity+CoreDataClass.swift"; sourceTree = "<group>"; };
		192D125A25548450002974D9 /* Dictionary_RickAndMorty.app */ = {isa = PBXFileReference; explicitFileType = wrapper.application; includeInIndex = 0; path = Dictionary_RickAndMorty.app; sourceTree = BUILT_PRODUCTS_DIR; };
		192D125D25548450002974D9 /* AppDelegate.swift */ = {isa = PBXFileReference; lastKnownFileType = sourcecode.swift; path = AppDelegate.swift; sourceTree = "<group>"; };
		192D125F25548450002974D9 /* SceneDelegate.swift */ = {isa = PBXFileReference; lastKnownFileType = sourcecode.swift; path = SceneDelegate.swift; sourceTree = "<group>"; };
		192D126725548450002974D9 /* Dictionary_RickAndMorty.xcdatamodel */ = {isa = PBXFileReference; lastKnownFileType = wrapper.xcdatamodel; path = Dictionary_RickAndMorty.xcdatamodel; sourceTree = "<group>"; };
		192D126925548454002974D9 /* Assets.xcassets */ = {isa = PBXFileReference; lastKnownFileType = folder.assetcatalog; path = Assets.xcassets; sourceTree = "<group>"; };
		192D126C25548454002974D9 /* Base */ = {isa = PBXFileReference; lastKnownFileType = file.storyboard; name = Base; path = Base.lproj/LaunchScreen.storyboard; sourceTree = "<group>"; };
		192D126E25548454002974D9 /* Info.plist */ = {isa = PBXFileReference; lastKnownFileType = text.plist.xml; path = Info.plist; sourceTree = "<group>"; };
		192D127325548454002974D9 /* Dictionary_RickAndMortyTests.xctest */ = {isa = PBXFileReference; explicitFileType = wrapper.cfbundle; includeInIndex = 0; path = Dictionary_RickAndMortyTests.xctest; sourceTree = BUILT_PRODUCTS_DIR; };
		192D127925548454002974D9 /* Info.plist */ = {isa = PBXFileReference; lastKnownFileType = text.plist.xml; path = Info.plist; sourceTree = "<group>"; };
		192D127E25548454002974D9 /* Dictionary_RickAndMortyUITests.xctest */ = {isa = PBXFileReference; explicitFileType = wrapper.cfbundle; includeInIndex = 0; path = Dictionary_RickAndMortyUITests.xctest; sourceTree = BUILT_PRODUCTS_DIR; };
		192D128225548454002974D9 /* Dictionary_RickAndMortyUITests.swift */ = {isa = PBXFileReference; lastKnownFileType = sourcecode.swift; path = Dictionary_RickAndMortyUITests.swift; sourceTree = "<group>"; };
		192D128425548454002974D9 /* Info.plist */ = {isa = PBXFileReference; lastKnownFileType = text.plist.xml; path = Info.plist; sourceTree = "<group>"; };
		192D129B25549C70002974D9 /* HomeViewController.swift */ = {isa = PBXFileReference; lastKnownFileType = sourcecode.swift; path = HomeViewController.swift; sourceTree = "<group>"; };
		192D12A725549D0F002974D9 /* ConfigApp.swift */ = {isa = PBXFileReference; lastKnownFileType = sourcecode.swift; path = ConfigApp.swift; sourceTree = "<group>"; };
		192D12AD25549F11002974D9 /* NetworkManager.swift */ = {isa = PBXFileReference; lastKnownFileType = sourcecode.swift; path = NetworkManager.swift; sourceTree = "<group>"; };
		192D12B32554A128002974D9 /* ResultsModel.swift */ = {isa = PBXFileReference; lastKnownFileType = sourcecode.swift; path = ResultsModel.swift; sourceTree = "<group>"; };
		192D12B82554A15B002974D9 /* InfoModel.swift */ = {isa = PBXFileReference; lastKnownFileType = sourcecode.swift; path = InfoModel.swift; sourceTree = "<group>"; };
		192D12BD2554A450002974D9 /* NetworkError.swift */ = {isa = PBXFileReference; lastKnownFileType = sourcecode.swift; path = NetworkError.swift; sourceTree = "<group>"; };
		192D12C22554AC29002974D9 /* NetworkFilter.swift */ = {isa = PBXFileReference; lastKnownFileType = sourcecode.swift; path = NetworkFilter.swift; sourceTree = "<group>"; };
		192D12C72554AC87002974D9 /* EpisodeModel.swift */ = {isa = PBXFileReference; lastKnownFileType = sourcecode.swift; path = EpisodeModel.swift; sourceTree = "<group>"; };
		192D12CD2554B2E0002974D9 /* Encodable+ext.swift */ = {isa = PBXFileReference; lastKnownFileType = sourcecode.swift; path = "Encodable+ext.swift"; sourceTree = "<group>"; };
		1981A48D2558F51D0029137F /* NSAttributedString+ext.swift */ = {isa = PBXFileReference; lastKnownFileType = sourcecode.swift; path = "NSAttributedString+ext.swift"; sourceTree = "<group>"; };
		19CFC8E625598B2B00303CD5 /* AppDelegate+ext.swift */ = {isa = PBXFileReference; lastKnownFileType = sourcecode.swift; path = "AppDelegate+ext.swift"; sourceTree = "<group>"; };
		19CFC8EE25598B5600303CD5 /* LocalStorage.swift */ = {isa = PBXFileReference; lastKnownFileType = sourcecode.swift; path = LocalStorage.swift; sourceTree = "<group>"; };
		19CFC9042559A18E00303CD5 /* Repository.swift */ = {isa = PBXFileReference; lastKnownFileType = sourcecode.swift; path = Repository.swift; sourceTree = "<group>"; };
		19CFC9092559C60E00303CD5 /* MockNetworkService.swift */ = {isa = PBXFileReference; lastKnownFileType = sourcecode.swift; path = MockNetworkService.swift; sourceTree = "<group>"; };
		19CFC90E2559CFD600303CD5 /* HomeViewModelTests.swift */ = {isa = PBXFileReference; lastKnownFileType = sourcecode.swift; path = HomeViewModelTests.swift; sourceTree = "<group>"; };
		19CFC9232559E5D200303CD5 /* DetailViewModelTests.swift */ = {isa = PBXFileReference; lastKnownFileType = sourcecode.swift; path = DetailViewModelTests.swift; sourceTree = "<group>"; };
		19CFC9282559E68500303CD5 /* MockLocalStorage.swift */ = {isa = PBXFileReference; lastKnownFileType = sourcecode.swift; path = MockLocalStorage.swift; sourceTree = "<group>"; };
/* End PBXFileReference section */

/* Begin PBXFrameworksBuildPhase section */
		192D125725548450002974D9 /* Frameworks */ = {
			isa = PBXFrameworksBuildPhase;
			buildActionMask = 2147483647;
			files = (
			);
			runOnlyForDeploymentPostprocessing = 0;
		};
		192D127025548454002974D9 /* Frameworks */ = {
			isa = PBXFrameworksBuildPhase;
			buildActionMask = 2147483647;
			files = (
			);
			runOnlyForDeploymentPostprocessing = 0;
		};
		192D127B25548454002974D9 /* Frameworks */ = {
			isa = PBXFrameworksBuildPhase;
			buildActionMask = 2147483647;
			files = (
			);
			runOnlyForDeploymentPostprocessing = 0;
		};
/* End PBXFrameworksBuildPhase section */

/* Begin PBXGroup section */
		191A02F22555895500BEDF86 /* extension */ = {
			isa = PBXGroup;
			children = (
				192D12CD2554B2E0002974D9 /* Encodable+ext.swift */,
				191A02F32555896000BEDF86 /* UIView+ext.swift */,
				191A030625558FBF00BEDF86 /* ImageView+ext.swift */,
				191A030B2555B73F00BEDF86 /* UIStackView+ext.swift */,
				1981A48D2558F51D0029137F /* NSAttributedString+ext.swift */,
				19CFC8E625598B2B00303CD5 /* AppDelegate+ext.swift */,
			);
			path = extension;
			sourceTree = "<group>";
		};
		191A02F825558A7E00BEDF86 /* cell */ = {
			isa = PBXGroup;
			children = (
				191A02F925558A9900BEDF86 /* CharacterCell.swift */,
			);
			path = cell;
			sourceTree = "<group>";
		};
		191A03132555E50C00BEDF86 /* favorites */ = {
			isa = PBXGroup;
			children = (
				191A03142555E56000BEDF86 /* FavoriteViewController.swift */,
				191A03192555E59500BEDF86 /* FavoriteViewModel.swift */,
			);
			path = favorites;
			sourceTree = "<group>";
		};
		191A03232555FA5900BEDF86 /* detail */ = {
			isa = PBXGroup;
			children = (
				191A03242555FA7600BEDF86 /* DetailViewController.swift */,
				191A03292555FA7F00BEDF86 /* DetailViewModel.swift */,
			);
			path = detail;
			sourceTree = "<group>";
		};
		191A038025563E8C00BEDF86 /* model */ = {
			isa = PBXGroup;
			children = (
				191A038225563E8C00BEDF86 /* CharacterEntity+CoreDataProperties.swift */,
				191A038325563E8C00BEDF86 /* CharacterEntity+CoreDataClass.swift */,
				191A038125563E8C00BEDF86 /* CharacterLocationEntity+CoreDataProperties.swift */,
				191A038425563E8C00BEDF86 /* CharacterLocationEntity+CoreDataClass.swift */,
				191A038525563E8C00BEDF86 /* CharacterOriginEntity+CoreDataProperties.swift */,
				191A038625563E8C00BEDF86 /* CharacterOriginEntity+CoreDataClass.swift */,
			);
			path = model;
			sourceTree = "<group>";
		};
		191A039A2556430500BEDF86 /* disk */ = {
			isa = PBXGroup;
			children = (
				19CFC8EE25598B5600303CD5 /* LocalStorage.swift */,
			);
			path = disk;
			sourceTree = "<group>";
		};
		192D125125548450002974D9 = {
			isa = PBXGroup;
			children = (
				192D125C25548450002974D9 /* Dictionary_RickAndMorty */,
				192D127625548454002974D9 /* Dictionary_RickAndMortyTests */,
				192D128125548454002974D9 /* Dictionary_RickAndMortyUITests */,
				192D125B25548450002974D9 /* Products */,
			);
			sourceTree = "<group>";
		};
		192D125B25548450002974D9 /* Products */ = {
			isa = PBXGroup;
			children = (
				192D125A25548450002974D9 /* Dictionary_RickAndMorty.app */,
				192D127325548454002974D9 /* Dictionary_RickAndMortyTests.xctest */,
				192D127E25548454002974D9 /* Dictionary_RickAndMortyUITests.xctest */,
			);
			name = Products;
			sourceTree = "<group>";
		};
		192D125C25548450002974D9 /* Dictionary_RickAndMorty */ = {
			isa = PBXGroup;
			children = (
				192D12CC2554B2D5002974D9 /* helper */,
				192D12A325549CE3002974D9 /* application */,
				192D129925549C34002974D9 /* features */,
				192D12B22554A116002974D9 /* model */,
				192D12AC25549EFE002974D9 /* network */,
				192D126925548454002974D9 /* Assets.xcassets */,
				192D126B25548454002974D9 /* LaunchScreen.storyboard */,
				192D126E25548454002974D9 /* Info.plist */,
				192D126625548450002974D9 /* Dictionary_RickAndMorty.xcdatamodeld */,
			);
			path = Dictionary_RickAndMorty;
			sourceTree = "<group>";
		};
		192D127625548454002974D9 /* Dictionary_RickAndMortyTests */ = {
			isa = PBXGroup;
			children = (
				192D127925548454002974D9 /* Info.plist */,
				19CFC9092559C60E00303CD5 /* MockNetworkService.swift */,
				19CFC9282559E68500303CD5 /* MockLocalStorage.swift */,
				19CFC90E2559CFD600303CD5 /* HomeViewModelTests.swift */,
				19CFC9232559E5D200303CD5 /* DetailViewModelTests.swift */,
			);
			path = Dictionary_RickAndMortyTests;
			sourceTree = "<group>";
		};
		192D128125548454002974D9 /* Dictionary_RickAndMortyUITests */ = {
			isa = PBXGroup;
			children = (
				192D128225548454002974D9 /* Dictionary_RickAndMortyUITests.swift */,
				192D128425548454002974D9 /* Info.plist */,
			);
			path = Dictionary_RickAndMortyUITests;
			sourceTree = "<group>";
		};
		192D129925549C34002974D9 /* features */ = {
			isa = PBXGroup;
			children = (
				191A03232555FA5900BEDF86 /* detail */,
				191A03132555E50C00BEDF86 /* favorites */,
				192D129A25549C5C002974D9 /* home */,
			);
			path = features;
			sourceTree = "<group>";
		};
		192D129A25549C5C002974D9 /* home */ = {
			isa = PBXGroup;
			children = (
				191A02F825558A7E00BEDF86 /* cell */,
				192D129B25549C70002974D9 /* HomeViewController.swift */,
				191A02EC2555866A00BEDF86 /* HomeViewModel.swift */,
			);
			path = home;
			sourceTree = "<group>";
		};
		192D12A325549CE3002974D9 /* application */ = {
			isa = PBXGroup;
			children = (
				192D125D25548450002974D9 /* AppDelegate.swift */,
				192D125F25548450002974D9 /* SceneDelegate.swift */,
				192D12A725549D0F002974D9 /* ConfigApp.swift */,
			);
			path = application;
			sourceTree = "<group>";
		};
		192D12AC25549EFE002974D9 /* network */ = {
			isa = PBXGroup;
			children = (
				19CFC9032559A17100303CD5 /* remote */,
				191A039A2556430500BEDF86 /* disk */,
				191A038025563E8C00BEDF86 /* model */,
				19CFC9042559A18E00303CD5 /* Repository.swift */,
			);
			path = network;
			sourceTree = "<group>";
		};
		192D12B22554A116002974D9 /* model */ = {
			isa = PBXGroup;
			children = (
				192D12B32554A128002974D9 /* ResultsModel.swift */,
				192D12B82554A15B002974D9 /* InfoModel.swift */,
				192D12C72554AC87002974D9 /* EpisodeModel.swift */,
				191A030125558EDC00BEDF86 /* CharacterModel.swift */,
			);
			path = model;
			sourceTree = "<group>";
		};
		192D12CC2554B2D5002974D9 /* helper */ = {
			isa = PBXGroup;
			children = (
				191A02F22555895500BEDF86 /* extension */,
				191A031E2555F4BD00BEDF86 /* ImageCache.swift */,
			);
			path = helper;
			sourceTree = "<group>";
		};
		19CFC9032559A17100303CD5 /* remote */ = {
			isa = PBXGroup;
			children = (
				192D12AD25549F11002974D9 /* NetworkManager.swift */,
				192D12BD2554A450002974D9 /* NetworkError.swift */,
				192D12C22554AC29002974D9 /* NetworkFilter.swift */,
			);
			path = remote;
			sourceTree = "<group>";
		};
/* End PBXGroup section */

/* Begin PBXNativeTarget section */
		192D125925548450002974D9 /* Dictionary_RickAndMorty */ = {
			isa = PBXNativeTarget;
			buildConfigurationList = 192D128725548454002974D9 /* Build configuration list for PBXNativeTarget "Dictionary_RickAndMorty" */;
			buildPhases = (
				192D125625548450002974D9 /* Sources */,
				192D125725548450002974D9 /* Frameworks */,
				192D125825548450002974D9 /* Resources */,
			);
			buildRules = (
			);
			dependencies = (
			);
			name = Dictionary_RickAndMorty;
			productName = Dictionary_RickAndMorty;
			productReference = 192D125A25548450002974D9 /* Dictionary_RickAndMorty.app */;
			productType = "com.apple.product-type.application";
		};
		192D127225548454002974D9 /* Dictionary_RickAndMortyTests */ = {
			isa = PBXNativeTarget;
			buildConfigurationList = 192D128A25548454002974D9 /* Build configuration list for PBXNativeTarget "Dictionary_RickAndMortyTests" */;
			buildPhases = (
				192D126F25548454002974D9 /* Sources */,
				192D127025548454002974D9 /* Frameworks */,
				192D127125548454002974D9 /* Resources */,
			);
			buildRules = (
			);
			dependencies = (
				192D127525548454002974D9 /* PBXTargetDependency */,
			);
			name = Dictionary_RickAndMortyTests;
			productName = Dictionary_RickAndMortyTests;
			productReference = 192D127325548454002974D9 /* Dictionary_RickAndMortyTests.xctest */;
			productType = "com.apple.product-type.bundle.unit-test";
		};
		192D127D25548454002974D9 /* Dictionary_RickAndMortyUITests */ = {
			isa = PBXNativeTarget;
			buildConfigurationList = 192D128D25548454002974D9 /* Build configuration list for PBXNativeTarget "Dictionary_RickAndMortyUITests" */;
			buildPhases = (
				192D127A25548454002974D9 /* Sources */,
				192D127B25548454002974D9 /* Frameworks */,
				192D127C25548454002974D9 /* Resources */,
			);
			buildRules = (
			);
			dependencies = (
				192D128025548454002974D9 /* PBXTargetDependency */,
			);
			name = Dictionary_RickAndMortyUITests;
			productName = Dictionary_RickAndMortyUITests;
			productReference = 192D127E25548454002974D9 /* Dictionary_RickAndMortyUITests.xctest */;
			productType = "com.apple.product-type.bundle.ui-testing";
		};
/* End PBXNativeTarget section */

/* Begin PBXProject section */
		192D125225548450002974D9 /* Project object */ = {
			isa = PBXProject;
			attributes = {
				LastSwiftUpdateCheck = 1210;
				LastUpgradeCheck = 1210;
				TargetAttributes = {
					192D125925548450002974D9 = {
						CreatedOnToolsVersion = 12.1;
					};
					192D127225548454002974D9 = {
						CreatedOnToolsVersion = 12.1;
						TestTargetID = 192D125925548450002974D9;
					};
					192D127D25548454002974D9 = {
						CreatedOnToolsVersion = 12.1;
						TestTargetID = 192D125925548450002974D9;
					};
				};
			};
			buildConfigurationList = 192D125525548450002974D9 /* Build configuration list for PBXProject "Dictionary_RickAndMorty" */;
			compatibilityVersion = "Xcode 9.3";
			developmentRegion = en;
			hasScannedForEncodings = 0;
			knownRegions = (
				en,
				Base,
			);
			mainGroup = 192D125125548450002974D9;
			productRefGroup = 192D125B25548450002974D9 /* Products */;
			projectDirPath = "";
			projectRoot = "";
			targets = (
				192D125925548450002974D9 /* Dictionary_RickAndMorty */,
				192D127225548454002974D9 /* Dictionary_RickAndMortyTests */,
				192D127D25548454002974D9 /* Dictionary_RickAndMortyUITests */,
			);
		};
/* End PBXProject section */

/* Begin PBXResourcesBuildPhase section */
		192D125825548450002974D9 /* Resources */ = {
			isa = PBXResourcesBuildPhase;
			buildActionMask = 2147483647;
			files = (
				191A039625563F4E00BEDF86 /* Dictionary_RickAndMorty.xcdatamodeld in Resources */,
				192D126D25548454002974D9 /* LaunchScreen.storyboard in Resources */,
				192D126A25548454002974D9 /* Assets.xcassets in Resources */,
			);
			runOnlyForDeploymentPostprocessing = 0;
		};
		192D127125548454002974D9 /* Resources */ = {
			isa = PBXResourcesBuildPhase;
			buildActionMask = 2147483647;
			files = (
			);
			runOnlyForDeploymentPostprocessing = 0;
		};
		192D127C25548454002974D9 /* Resources */ = {
			isa = PBXResourcesBuildPhase;
			buildActionMask = 2147483647;
			files = (
			);
			runOnlyForDeploymentPostprocessing = 0;
		};
/* End PBXResourcesBuildPhase section */

/* Begin PBXSourcesBuildPhase section */
		192D125625548450002974D9 /* Sources */ = {
			isa = PBXSourcesBuildPhase;
			buildActionMask = 2147483647;
			files = (
				191A02FA25558A9900BEDF86 /* CharacterCell.swift in Sources */,
				192D12AE25549F11002974D9 /* NetworkManager.swift in Sources */,
				192D12A825549D0F002974D9 /* ConfigApp.swift in Sources */,
				192D125E25548450002974D9 /* AppDelegate.swift in Sources */,
				192D126025548450002974D9 /* SceneDelegate.swift in Sources */,
				191A038B25563E8C00BEDF86 /* CharacterOriginEntity+CoreDataProperties.swift in Sources */,
				191A030725558FBF00BEDF86 /* ImageView+ext.swift in Sources */,
				192D12C82554AC87002974D9 /* EpisodeModel.swift in Sources */,
				192D12B42554A128002974D9 /* ResultsModel.swift in Sources */,
				191A038725563E8C00BEDF86 /* CharacterLocationEntity+CoreDataProperties.swift in Sources */,
				192D12BE2554A450002974D9 /* NetworkError.swift in Sources */,
				19CFC9052559A18E00303CD5 /* Repository.swift in Sources */,
				191A02ED2555866A00BEDF86 /* HomeViewModel.swift in Sources */,
				19CFC8EF25598B5600303CD5 /* LocalStorage.swift in Sources */,
				191A038825563E8C00BEDF86 /* CharacterEntity+CoreDataProperties.swift in Sources */,
				191A038C25563E8C00BEDF86 /* CharacterOriginEntity+CoreDataClass.swift in Sources */,
				191A032A2555FA7F00BEDF86 /* DetailViewModel.swift in Sources */,
				1981A48E2558F51D0029137F /* NSAttributedString+ext.swift in Sources */,
				191A03252555FA7600BEDF86 /* DetailViewController.swift in Sources */,
				192D129C25549C70002974D9 /* HomeViewController.swift in Sources */,
				19CFC8E725598B2B00303CD5 /* AppDelegate+ext.swift in Sources */,
				191A031F2555F4BD00BEDF86 /* ImageCache.swift in Sources */,
				191A02F42555896000BEDF86 /* UIView+ext.swift in Sources */,
				191A030C2555B73F00BEDF86 /* UIStackView+ext.swift in Sources */,
				191A03152555E56000BEDF86 /* FavoriteViewController.swift in Sources */,
				191A038925563E8C00BEDF86 /* CharacterEntity+CoreDataClass.swift in Sources */,
				191A038A25563E8C00BEDF86 /* CharacterLocationEntity+CoreDataClass.swift in Sources */,
				192D12C32554AC29002974D9 /* NetworkFilter.swift in Sources */,
				191A030225558EDC00BEDF86 /* CharacterModel.swift in Sources */,
				192D12B92554A15B002974D9 /* InfoModel.swift in Sources */,
				191A031A2555E59500BEDF86 /* FavoriteViewModel.swift in Sources */,
				192D12CE2554B2E0002974D9 /* Encodable+ext.swift in Sources */,
			);
			runOnlyForDeploymentPostprocessing = 0;
		};
		192D126F25548454002974D9 /* Sources */ = {
			isa = PBXSourcesBuildPhase;
			buildActionMask = 2147483647;
			files = (
				19CFC90A2559C60E00303CD5 /* MockNetworkService.swift in Sources */,
				19CFC90F2559CFD600303CD5 /* HomeViewModelTests.swift in Sources */,
				19CFC9242559E5D200303CD5 /* DetailViewModelTests.swift in Sources */,
				19CFC9292559E68500303CD5 /* MockLocalStorage.swift in Sources */,
			);
			runOnlyForDeploymentPostprocessing = 0;
		};
		192D127A25548454002974D9 /* Sources */ = {
			isa = PBXSourcesBuildPhase;
			buildActionMask = 2147483647;
			files = (
				192D128325548454002974D9 /* Dictionary_RickAndMortyUITests.swift in Sources */,
			);
			runOnlyForDeploymentPostprocessing = 0;
		};
/* End PBXSourcesBuildPhase section */

/* Begin PBXTargetDependency section */
		192D127525548454002974D9 /* PBXTargetDependency */ = {
			isa = PBXTargetDependency;
			target = 192D125925548450002974D9 /* Dictionary_RickAndMorty */;
			targetProxy = 192D127425548454002974D9 /* PBXContainerItemProxy */;
		};
		192D128025548454002974D9 /* PBXTargetDependency */ = {
			isa = PBXTargetDependency;
			target = 192D125925548450002974D9 /* Dictionary_RickAndMorty */;
			targetProxy = 192D127F25548454002974D9 /* PBXContainerItemProxy */;
		};
/* End PBXTargetDependency section */

/* Begin PBXVariantGroup section */
		192D126B25548454002974D9 /* LaunchScreen.storyboard */ = {
			isa = PBXVariantGroup;
			children = (
				192D126C25548454002974D9 /* Base */,
			);
			name = LaunchScreen.storyboard;
			sourceTree = "<group>";
		};
/* End PBXVariantGroup section */

/* Begin XCBuildConfiguration section */
		192D128525548454002974D9 /* Debug */ = {
			isa = XCBuildConfiguration;
			buildSettings = {
				ALWAYS_SEARCH_USER_PATHS = NO;
				CLANG_ANALYZER_NONNULL = YES;
				CLANG_ANALYZER_NUMBER_OBJECT_CONVERSION = YES_AGGRESSIVE;
				CLANG_CXX_LANGUAGE_STANDARD = "gnu++14";
				CLANG_CXX_LIBRARY = "libc++";
				CLANG_ENABLE_MODULES = YES;
				CLANG_ENABLE_OBJC_ARC = YES;
				CLANG_ENABLE_OBJC_WEAK = YES;
				CLANG_WARN_BLOCK_CAPTURE_AUTORELEASING = YES;
				CLANG_WARN_BOOL_CONVERSION = YES;
				CLANG_WARN_COMMA = YES;
				CLANG_WARN_CONSTANT_CONVERSION = YES;
				CLANG_WARN_DEPRECATED_OBJC_IMPLEMENTATIONS = YES;
				CLANG_WARN_DIRECT_OBJC_ISA_USAGE = YES_ERROR;
				CLANG_WARN_DOCUMENTATION_COMMENTS = YES;
				CLANG_WARN_EMPTY_BODY = YES;
				CLANG_WARN_ENUM_CONVERSION = YES;
				CLANG_WARN_INFINITE_RECURSION = YES;
				CLANG_WARN_INT_CONVERSION = YES;
				CLANG_WARN_NON_LITERAL_NULL_CONVERSION = YES;
				CLANG_WARN_OBJC_IMPLICIT_RETAIN_SELF = YES;
				CLANG_WARN_OBJC_LITERAL_CONVERSION = YES;
				CLANG_WARN_OBJC_ROOT_CLASS = YES_ERROR;
				CLANG_WARN_QUOTED_INCLUDE_IN_FRAMEWORK_HEADER = YES;
				CLANG_WARN_RANGE_LOOP_ANALYSIS = YES;
				CLANG_WARN_STRICT_PROTOTYPES = YES;
				CLANG_WARN_SUSPICIOUS_MOVE = YES;
				CLANG_WARN_UNGUARDED_AVAILABILITY = YES_AGGRESSIVE;
				CLANG_WARN_UNREACHABLE_CODE = YES;
				CLANG_WARN__DUPLICATE_METHOD_MATCH = YES;
				COPY_PHASE_STRIP = NO;
				DEBUG_INFORMATION_FORMAT = dwarf;
				ENABLE_STRICT_OBJC_MSGSEND = YES;
				ENABLE_TESTABILITY = YES;
				GCC_C_LANGUAGE_STANDARD = gnu11;
				GCC_DYNAMIC_NO_PIC = NO;
				GCC_NO_COMMON_BLOCKS = YES;
				GCC_OPTIMIZATION_LEVEL = 0;
				GCC_PREPROCESSOR_DEFINITIONS = (
					"DEBUG=1",
					"$(inherited)",
				);
				GCC_WARN_64_TO_32_BIT_CONVERSION = YES;
				GCC_WARN_ABOUT_RETURN_TYPE = YES_ERROR;
				GCC_WARN_UNDECLARED_SELECTOR = YES;
				GCC_WARN_UNINITIALIZED_AUTOS = YES_AGGRESSIVE;
				GCC_WARN_UNUSED_FUNCTION = YES;
				GCC_WARN_UNUSED_VARIABLE = YES;
				IPHONEOS_DEPLOYMENT_TARGET = 14.1;
				MTL_ENABLE_DEBUG_INFO = INCLUDE_SOURCE;
				MTL_FAST_MATH = YES;
				ONLY_ACTIVE_ARCH = YES;
				SDKROOT = iphoneos;
				SWIFT_ACTIVE_COMPILATION_CONDITIONS = DEBUG;
				SWIFT_OPTIMIZATION_LEVEL = "-Onone";
			};
			name = Debug;
		};
		192D128625548454002974D9 /* Release */ = {
			isa = XCBuildConfiguration;
			buildSettings = {
				ALWAYS_SEARCH_USER_PATHS = NO;
				CLANG_ANALYZER_NONNULL = YES;
				CLANG_ANALYZER_NUMBER_OBJECT_CONVERSION = YES_AGGRESSIVE;
				CLANG_CXX_LANGUAGE_STANDARD = "gnu++14";
				CLANG_CXX_LIBRARY = "libc++";
				CLANG_ENABLE_MODULES = YES;
				CLANG_ENABLE_OBJC_ARC = YES;
				CLANG_ENABLE_OBJC_WEAK = YES;
				CLANG_WARN_BLOCK_CAPTURE_AUTORELEASING = YES;
				CLANG_WARN_BOOL_CONVERSION = YES;
				CLANG_WARN_COMMA = YES;
				CLANG_WARN_CONSTANT_CONVERSION = YES;
				CLANG_WARN_DEPRECATED_OBJC_IMPLEMENTATIONS = YES;
				CLANG_WARN_DIRECT_OBJC_ISA_USAGE = YES_ERROR;
				CLANG_WARN_DOCUMENTATION_COMMENTS = YES;
				CLANG_WARN_EMPTY_BODY = YES;
				CLANG_WARN_ENUM_CONVERSION = YES;
				CLANG_WARN_INFINITE_RECURSION = YES;
				CLANG_WARN_INT_CONVERSION = YES;
				CLANG_WARN_NON_LITERAL_NULL_CONVERSION = YES;
				CLANG_WARN_OBJC_IMPLICIT_RETAIN_SELF = YES;
				CLANG_WARN_OBJC_LITERAL_CONVERSION = YES;
				CLANG_WARN_OBJC_ROOT_CLASS = YES_ERROR;
				CLANG_WARN_QUOTED_INCLUDE_IN_FRAMEWORK_HEADER = YES;
				CLANG_WARN_RANGE_LOOP_ANALYSIS = YES;
				CLANG_WARN_STRICT_PROTOTYPES = YES;
				CLANG_WARN_SUSPICIOUS_MOVE = YES;
				CLANG_WARN_UNGUARDED_AVAILABILITY = YES_AGGRESSIVE;
				CLANG_WARN_UNREACHABLE_CODE = YES;
				CLANG_WARN__DUPLICATE_METHOD_MATCH = YES;
				COPY_PHASE_STRIP = NO;
				DEBUG_INFORMATION_FORMAT = "dwarf-with-dsym";
				ENABLE_NS_ASSERTIONS = NO;
				ENABLE_STRICT_OBJC_MSGSEND = YES;
				GCC_C_LANGUAGE_STANDARD = gnu11;
				GCC_NO_COMMON_BLOCKS = YES;
				GCC_WARN_64_TO_32_BIT_CONVERSION = YES;
				GCC_WARN_ABOUT_RETURN_TYPE = YES_ERROR;
				GCC_WARN_UNDECLARED_SELECTOR = YES;
				GCC_WARN_UNINITIALIZED_AUTOS = YES_AGGRESSIVE;
				GCC_WARN_UNUSED_FUNCTION = YES;
				GCC_WARN_UNUSED_VARIABLE = YES;
				IPHONEOS_DEPLOYMENT_TARGET = 14.1;
				MTL_ENABLE_DEBUG_INFO = NO;
				MTL_FAST_MATH = YES;
				SDKROOT = iphoneos;
				SWIFT_COMPILATION_MODE = wholemodule;
				SWIFT_OPTIMIZATION_LEVEL = "-O";
				VALIDATE_PRODUCT = YES;
			};
			name = Release;
		};
		192D128825548454002974D9 /* Debug */ = {
			isa = XCBuildConfiguration;
			buildSettings = {
				ASSETCATALOG_COMPILER_APPICON_NAME = AppIcon;
				ASSETCATALOG_COMPILER_GLOBAL_ACCENT_COLOR_NAME = AccentColor;
				CODE_SIGN_STYLE = Automatic;
				DEVELOPMENT_TEAM = 99CUK56NBD;
				INFOPLIST_FILE = Dictionary_RickAndMorty/Info.plist;
				IPHONEOS_DEPLOYMENT_TARGET = 13.0;
				LD_RUNPATH_SEARCH_PATHS = (
					"$(inherited)",
					"@executable_path/Frameworks",
				);
				PRODUCT_BUNDLE_IDENTIFIER = "com.devpoli.Dictionary-RickAndMorty";
				PRODUCT_NAME = "$(TARGET_NAME)";
				SWIFT_VERSION = 5.0;
				TARGETED_DEVICE_FAMILY = "1,2";
			};
			name = Debug;
		};
		192D128925548454002974D9 /* Release */ = {
			isa = XCBuildConfiguration;
			buildSettings = {
				ASSETCATALOG_COMPILER_APPICON_NAME = AppIcon;
				ASSETCATALOG_COMPILER_GLOBAL_ACCENT_COLOR_NAME = AccentColor;
				CODE_SIGN_STYLE = Automatic;
				DEVELOPMENT_TEAM = 99CUK56NBD;
				INFOPLIST_FILE = Dictionary_RickAndMorty/Info.plist;
				IPHONEOS_DEPLOYMENT_TARGET = 13.0;
				LD_RUNPATH_SEARCH_PATHS = (
					"$(inherited)",
					"@executable_path/Frameworks",
				);
				PRODUCT_BUNDLE_IDENTIFIER = "com.devpoli.Dictionary-RickAndMorty";
				PRODUCT_NAME = "$(TARGET_NAME)";
				SWIFT_VERSION = 5.0;
				TARGETED_DEVICE_FAMILY = "1,2";
			};
			name = Release;
		};
		192D128B25548454002974D9 /* Debug */ = {
			isa = XCBuildConfiguration;
			buildSettings = {
				ALWAYS_EMBED_SWIFT_STANDARD_LIBRARIES = YES;
				BUNDLE_LOADER = "$(TEST_HOST)";
				CODE_SIGN_STYLE = Automatic;
				DEVELOPMENT_TEAM = 99CUK56NBD;
				INFOPLIST_FILE = Dictionary_RickAndMortyTests/Info.plist;
				IPHONEOS_DEPLOYMENT_TARGET = 14.1;
				LD_RUNPATH_SEARCH_PATHS = (
					"$(inherited)",
					"@executable_path/Frameworks",
					"@loader_path/Frameworks",
				);
				PRODUCT_BUNDLE_IDENTIFIER = "com.devpoli.Dictionary-RickAndMortyTests";
				PRODUCT_NAME = "$(TARGET_NAME)";
				SWIFT_VERSION = 5.0;
				TARGETED_DEVICE_FAMILY = "1,2";
				TEST_HOST = "$(BUILT_PRODUCTS_DIR)/Dictionary_RickAndMorty.app/Dictionary_RickAndMorty";
			};
			name = Debug;
		};
		192D128C25548454002974D9 /* Release */ = {
			isa = XCBuildConfiguration;
			buildSettings = {
				ALWAYS_EMBED_SWIFT_STANDARD_LIBRARIES = YES;
				BUNDLE_LOADER = "$(TEST_HOST)";
				CODE_SIGN_STYLE = Automatic;
				DEVELOPMENT_TEAM = 99CUK56NBD;
				INFOPLIST_FILE = Dictionary_RickAndMortyTests/Info.plist;
				IPHONEOS_DEPLOYMENT_TARGET = 14.1;
				LD_RUNPATH_SEARCH_PATHS = (
					"$(inherited)",
					"@executable_path/Frameworks",
					"@loader_path/Frameworks",
				);
				PRODUCT_BUNDLE_IDENTIFIER = "com.devpoli.Dictionary-RickAndMortyTests";
				PRODUCT_NAME = "$(TARGET_NAME)";
				SWIFT_VERSION = 5.0;
				TARGETED_DEVICE_FAMILY = "1,2";
				TEST_HOST = "$(BUILT_PRODUCTS_DIR)/Dictionary_RickAndMorty.app/Dictionary_RickAndMorty";
			};
			name = Release;
		};
		192D128E25548454002974D9 /* Debug */ = {
			isa = XCBuildConfiguration;
			buildSettings = {
				ALWAYS_EMBED_SWIFT_STANDARD_LIBRARIES = YES;
				CODE_SIGN_STYLE = Automatic;
				DEVELOPMENT_TEAM = 99CUK56NBD;
				INFOPLIST_FILE = Dictionary_RickAndMortyUITests/Info.plist;
				LD_RUNPATH_SEARCH_PATHS = (
					"$(inherited)",
					"@executable_path/Frameworks",
					"@loader_path/Frameworks",
				);
				PRODUCT_BUNDLE_IDENTIFIER = "com.devpoli.Dictionary-RickAndMortyUITests";
				PRODUCT_NAME = "$(TARGET_NAME)";
				SWIFT_VERSION = 5.0;
				TARGETED_DEVICE_FAMILY = "1,2";
				TEST_TARGET_NAME = Dictionary_RickAndMorty;
			};
			name = Debug;
		};
		192D128F25548454002974D9 /* Release */ = {
			isa = XCBuildConfiguration;
			buildSettings = {
				ALWAYS_EMBED_SWIFT_STANDARD_LIBRARIES = YES;
				CODE_SIGN_STYLE = Automatic;
				DEVELOPMENT_TEAM = 99CUK56NBD;
				INFOPLIST_FILE = Dictionary_RickAndMortyUITests/Info.plist;
				LD_RUNPATH_SEARCH_PATHS = (
					"$(inherited)",
					"@executable_path/Frameworks",
					"@loader_path/Frameworks",
				);
				PRODUCT_BUNDLE_IDENTIFIER = "com.devpoli.Dictionary-RickAndMortyUITests";
				PRODUCT_NAME = "$(TARGET_NAME)";
				SWIFT_VERSION = 5.0;
				TARGETED_DEVICE_FAMILY = "1,2";
				TEST_TARGET_NAME = Dictionary_RickAndMorty;
			};
			name = Release;
		};
/* End XCBuildConfiguration section */

/* Begin XCConfigurationList section */
		192D125525548450002974D9 /* Build configuration list for PBXProject "Dictionary_RickAndMorty" */ = {
			isa = XCConfigurationList;
			buildConfigurations = (
				192D128525548454002974D9 /* Debug */,
				192D128625548454002974D9 /* Release */,
			);
			defaultConfigurationIsVisible = 0;
			defaultConfigurationName = Release;
		};
		192D128725548454002974D9 /* Build configuration list for PBXNativeTarget "Dictionary_RickAndMorty" */ = {
			isa = XCConfigurationList;
			buildConfigurations = (
				192D128825548454002974D9 /* Debug */,
				192D128925548454002974D9 /* Release */,
			);
			defaultConfigurationIsVisible = 0;
			defaultConfigurationName = Release;
		};
		192D128A25548454002974D9 /* Build configuration list for PBXNativeTarget "Dictionary_RickAndMortyTests" */ = {
			isa = XCConfigurationList;
			buildConfigurations = (
				192D128B25548454002974D9 /* Debug */,
				192D128C25548454002974D9 /* Release */,
			);
			defaultConfigurationIsVisible = 0;
			defaultConfigurationName = Release;
		};
		192D128D25548454002974D9 /* Build configuration list for PBXNativeTarget "Dictionary_RickAndMortyUITests" */ = {
			isa = XCConfigurationList;
			buildConfigurations = (
				192D128E25548454002974D9 /* Debug */,
				192D128F25548454002974D9 /* Release */,
			);
			defaultConfigurationIsVisible = 0;
			defaultConfigurationName = Release;
		};
/* End XCConfigurationList section */

/* Begin XCVersionGroup section */
		192D126625548450002974D9 /* Dictionary_RickAndMorty.xcdatamodeld */ = {
			isa = XCVersionGroup;
			children = (
				192D126725548450002974D9 /* Dictionary_RickAndMorty.xcdatamodel */,
			);
			currentVersion = 192D126725548450002974D9 /* Dictionary_RickAndMorty.xcdatamodel */;
			path = Dictionary_RickAndMorty.xcdatamodeld;
			sourceTree = "<group>";
			versionGroupType = wrapper.xcdatamodel;
		};
/* End XCVersionGroup section */
	};
	rootObject = 192D125225548450002974D9 /* Project object */;
}
